# This file is autogenerated, do not edit; changes may be undone by the next 'dep ensure'.


[[projects]]
  branch = "master"
  name = "github.com/vrnmthr/makefiles"
  packages = ["Go/pkg"]
  revision = "e0a9c2ef43d3f0622da9566d5f0a156f26a5dfe8"

[solve-meta]
  analyzer-name = "dep"
  analyzer-version = 1
  inputs-digest = "78ff0ede96a55b4833db7f0a0570d9abee7ff5a85b4c88ff6c8cf02e30e301ce"
  solver-name = "gps-cdcl"
  solver-version = 1
