# This file is autogenerated, do not edit; changes may be undone by the next 'dep ensure'.


[[projects]]
  branch = "master"
  name = "github.com/vrnmthr/templates"
  packages = ["Go/pkg"]
  revision = "d2c7836447bdbda46b754d19b6ed6e9bd3e3d0c3"

[solve-meta]
  analyzer-name = "dep"
  analyzer-version = 1
  inputs-digest = "87022e4eb4cf6969135724b65f43889f1006bafc9d7f85a5c36c32eecee27aed"
  solver-name = "gps-cdcl"
  solver-version = 1
